
Microsoft Visual Studio Solution File, Format Version 12.00
# Visual Studio 2012
Project("{FAE04EC0-301F-11D3-BF4B-00C04F79EFBC}") = "Tangerine", "Tangerine\Tangerine.csproj", "{7A078E6C-EF5C-48C5-A15E-BF3C680A1546}"
EndProject
Project("{FAE04EC0-301F-11D3-BF4B-00C04F79EFBC}") = "XDEHook", "XDEHook\XDEHook.csproj", "{47CDA0B6-73E0-409A-890A-07098110D460}"
EndProject
Project("{FAE04EC0-301F-11D3-BF4B-00C04F79EFBC}") = "XDEMonitor", "XDEMonitor\XDEMonitor.csproj", "{E256D786-6D04-4FE5-A714-32DCF4D7E2D7}"
EndProject
Project("{FAE04EC0-301F-11D3-BF4B-00C04F79EFBC}") = "WindowsPhoneHelper", "WindowsPhoneHelper\WindowsPhoneHelper.csproj", "{B553598F-0798-487A-8263-1F89BB0184B1}"
EndProject
Project("{FAE04EC0-301F-11D3-BF4B-00C04F79EFBC}") = "Tangerine.Devices", "Tangerine.Devices\Tangerine.Devices.csproj", "{6E79F38A-F564-4A24-8276-2682CB29E227}"
EndProject
Project("{FAE04EC0-301F-11D3-BF4B-00C04F79EFBC}") = "Tangerine.Common", "Tangerine.Common\Tangerine.Common.csproj", "{6CBF4F19-E387-460C-A388-89FA1A948720}"
EndProject
Global
	GlobalSection(SolutionConfigurationPlatforms) = preSolution
		Debug|Any CPU = Debug|Any CPU
		Debug|Mixed Platforms = Debug|Mixed Platforms
		Debug|x86 = Debug|x86
		Release|Any CPU = Release|Any CPU
		Release|Mixed Platforms = Release|Mixed Platforms
		Release|x86 = Release|x86
	EndGlobalSection
	GlobalSection(ProjectConfigurationPlatforms) = postSolution
		{7A078E6C-EF5C-48C5-A15E-BF3C680A1546}.Debug|Any CPU.ActiveCfg = Debug|x86
		{7A078E6C-EF5C-48C5-A15E-BF3C680A1546}.Debug|Mixed Platforms.ActiveCfg = Debug|x86
		{7A078E6C-EF5C-48C5-A15E-BF3C680A1546}.Debug|Mixed Platforms.Build.0 = Debug|x86
		{7A078E6C-EF5C-48C5-A15E-BF3C680A1546}.Debug|x86.ActiveCfg = Debug|x86
		{7A078E6C-EF5C-48C5-A15E-BF3C680A1546}.Debug|x86.Build.0 = Debug|x86
		{7A078E6C-EF5C-48C5-A15E-BF3C680A1546}.Release|Any CPU.ActiveCfg = Release|x86
		{7A078E6C-EF5C-48C5-A15E-BF3C680A1546}.Release|Mixed Platforms.ActiveCfg = Release|x86
		{7A078E6C-EF5C-48C5-A15E-BF3C680A1546}.Release|Mixed Platforms.Build.0 = Release|x86
		{7A078E6C-EF5C-48C5-A15E-BF3C680A1546}.Release|x86.ActiveCfg = Release|x86
		{7A078E6C-EF5C-48C5-A15E-BF3C680A1546}.Release|x86.Build.0 = Release|x86
		{47CDA0B6-73E0-409A-890A-07098110D460}.Debug|Any CPU.ActiveCfg = Debug|Any CPU
		{47CDA0B6-73E0-409A-890A-07098110D460}.Debug|Any CPU.Build.0 = Debug|Any CPU
		{47CDA0B6-73E0-409A-890A-07098110D460}.Debug|Mixed Platforms.ActiveCfg = Debug|Any CPU
		{47CDA0B6-73E0-409A-890A-07098110D460}.Debug|Mixed Platforms.Build.0 = Debug|Any CPU
		{47CDA0B6-73E0-409A-890A-07098110D460}.Debug|x86.ActiveCfg = Debug|Any CPU
		{47CDA0B6-73E0-409A-890A-07098110D460}.Release|Any CPU.ActiveCfg = Release|Any CPU
		{47CDA0B6-73E0-409A-890A-07098110D460}.Release|Any CPU.Build.0 = Release|Any CPU
		{47CDA0B6-73E0-409A-890A-07098110D460}.Release|Mixed Platforms.ActiveCfg = Release|Any CPU
		{47CDA0B6-73E0-409A-890A-07098110D460}.Release|Mixed Platforms.Build.0 = Release|Any CPU
		{47CDA0B6-73E0-409A-890A-07098110D460}.Release|x86.ActiveCfg = Release|Any CPU
		{E256D786-6D04-4FE5-A714-32DCF4D7E2D7}.Debug|Any CPU.ActiveCfg = Debug|x86
		{E256D786-6D04-4FE5-A714-32DCF4D7E2D7}.Debug|Mixed Platforms.ActiveCfg = Debug|x86
		{E256D786-6D04-4FE5-A714-32DCF4D7E2D7}.Debug|Mixed Platforms.Build.0 = Debug|x86
		{E256D786-6D04-4FE5-A714-32DCF4D7E2D7}.Debug|x86.ActiveCfg = Debug|x86
		{E256D786-6D04-4FE5-A714-32DCF4D7E2D7}.Debug|x86.Build.0 = Debug|x86
		{E256D786-6D04-4FE5-A714-32DCF4D7E2D7}.Release|Any CPU.ActiveCfg = Release|x86
		{E256D786-6D04-4FE5-A714-32DCF4D7E2D7}.Release|Mixed Platforms.ActiveCfg = Release|x86
		{E256D786-6D04-4FE5-A714-32DCF4D7E2D7}.Release|Mixed Platforms.Build.0 = Release|x86
		{E256D786-6D04-4FE5-A714-32DCF4D7E2D7}.Release|x86.ActiveCfg = Release|x86
		{E256D786-6D04-4FE5-A714-32DCF4D7E2D7}.Release|x86.Build.0 = Release|x86
		{B553598F-0798-487A-8263-1F89BB0184B1}.Debug|Any CPU.ActiveCfg = Debug|Any CPU
		{B553598F-0798-487A-8263-1F89BB0184B1}.Debug|Any CPU.Build.0 = Debug|Any CPU
		{B553598F-0798-487A-8263-1F89BB0184B1}.Debug|Mixed Platforms.ActiveCfg = Debug|Any CPU
		{B553598F-0798-487A-8263-1F89BB0184B1}.Debug|Mixed Platforms.Build.0 = Debug|Any CPU
		{B553598F-0798-487A-8263-1F89BB0184B1}.Debug|x86.ActiveCfg = Debug|Any CPU
		{B553598F-0798-487A-8263-1F89BB0184B1}.Release|Any CPU.ActiveCfg = Release|Any CPU
		{B553598F-0798-487A-8263-1F89BB0184B1}.Release|Any CPU.Build.0 = Release|Any CPU
		{B553598F-0798-487A-8263-1F89BB0184B1}.Release|Mixed Platforms.ActiveCfg = Release|Any CPU
		{B553598F-0798-487A-8263-1F89BB0184B1}.Release|Mixed Platforms.Build.0 = Release|Any CPU
		{B553598F-0798-487A-8263-1F89BB0184B1}.Release|x86.ActiveCfg = Release|Any CPU
		{6E79F38A-F564-4A24-8276-2682CB29E227}.Debug|Any CPU.ActiveCfg = Debug|Any CPU
		{6E79F38A-F564-4A24-8276-2682CB29E227}.Debug|Any CPU.Build.0 = Debug|Any CPU
		{6E79F38A-F564-4A24-8276-2682CB29E227}.Debug|Mixed Platforms.ActiveCfg = Debug|Any CPU
		{6E79F38A-F564-4A24-8276-2682CB29E227}.Debug|Mixed Platforms.Build.0 = Debug|Any CPU
		{6E79F38A-F564-4A24-8276-2682CB29E227}.Debug|x86.ActiveCfg = Debug|Any CPU
		{6E79F38A-F564-4A24-8276-2682CB29E227}.Release|Any CPU.ActiveCfg = Release|Any CPU
		{6E79F38A-F564-4A24-8276-2682CB29E227}.Release|Any CPU.Build.0 = Release|Any CPU
		{6E79F38A-F564-4A24-8276-2682CB29E227}.Release|Mixed Platforms.ActiveCfg = Release|Any CPU
		{6E79F38A-F564-4A24-8276-2682CB29E227}.Release|Mixed Platforms.Build.0 = Release|Any CPU
		{6E79F38A-F564-4A24-8276-2682CB29E227}.Release|x86.ActiveCfg = Release|Any CPU
		{6CBF4F19-E387-460C-A388-89FA1A948720}.Debug|Any CPU.ActiveCfg = Debug|Any CPU
		{6CBF4F19-E387-460C-A388-89FA1A948720}.Debug|Any CPU.Build.0 = Debug|Any CPU
		{6CBF4F19-E387-460C-A388-89FA1A948720}.Debug|Mixed Platforms.ActiveCfg = Debug|Any CPU
		{6CBF4F19-E387-460C-A388-89FA1A948720}.Debug|Mixed Platforms.Build.0 = Debug|Any CPU
		{6CBF4F19-E387-460C-A388-89FA1A948720}.Debug|x86.ActiveCfg = Debug|Any CPU
		{6CBF4F19-E387-460C-A388-89FA1A948720}.Release|Any CPU.ActiveCfg = Release|Any CPU
		{6CBF4F19-E387-460C-A388-89FA1A948720}.Release|Any CPU.Build.0 = Release|Any CPU
		{6CBF4F19-E387-460C-A388-89FA1A948720}.Release|Mixed Platforms.ActiveCfg = Release|Any CPU
		{6CBF4F19-E387-460C-A388-89FA1A948720}.Release|Mixed Platforms.Build.0 = Release|Any CPU
		{6CBF4F19-E387-460C-A388-89FA1A948720}.Release|x86.ActiveCfg = Release|Any CPU
	EndGlobalSection
	GlobalSection(SolutionProperties) = preSolution
		HideSolutionNode = FALSE
	EndGlobalSection
EndGlobal
